
Microsoft Visual Studio Solution File, Format Version 12.00
# Visual Studio Version 16
VisualStudioVersion = 16.0.29411.108
MinimumVisualStudioVersion = 10.0.40219.1
Project("{FAE04EC0-301F-11D3-BF4B-00C04F79EFBC}") = "Vision", "Vision\Vision.csproj", "{3A40E4E5-57D9-4CAB-914F-2194089BC048}"
EndProject
Project("{FAE04EC0-301F-11D3-BF4B-00C04F79EFBC}") = "DataService", "DataAccess\DataService.csproj", "{E0DCF4A6-3843-4422-BA42-5C65887A5FA0}"
EndProject
Global
	GlobalSection(SolutionConfigurationPlatforms) = preSolution
		Debug|Any CPU = Debug|Any CPU
		Release|Any CPU = Release|Any CPU
	EndGlobalSection
	GlobalSection(ProjectConfigurationPlatforms) = postSolution
		{3A40E4E5-57D9-4CAB-914F-2194089BC048}.Debug|Any CPU.ActiveCfg = Debug|Any CPU
		{3A40E4E5-57D9-4CAB-914F-2194089BC048}.Debug|Any CPU.Build.0 = Debug|Any CPU
		{3A40E4E5-57D9-4CAB-914F-2194089BC048}.Release|Any CPU.ActiveCfg = Release|Any CPU
		{3A40E4E5-57D9-4CAB-914F-2194089BC048}.Release|Any CPU.Build.0 = Release|Any CPU
		{E0DCF4A6-3843-4422-BA42-5C65887A5FA0}.Debug|Any CPU.ActiveCfg = Debug|Any CPU
		{E0DCF4A6-3843-4422-BA42-5C65887A5FA0}.Debug|Any CPU.Build.0 = Debug|Any CPU
		{E0DCF4A6-3843-4422-BA42-5C65887A5FA0}.Release|Any CPU.ActiveCfg = Release|Any CPU
		{E0DCF4A6-3843-4422-BA42-5C65887A5FA0}.Release|Any CPU.Build.0 = Release|Any CPU
	EndGlobalSection
	GlobalSection(SolutionProperties) = preSolution
		HideSolutionNode = FALSE
	EndGlobalSection
	GlobalSection(ExtensibilityGlobals) = postSolution
		SolutionGuid = {6B6962A6-1276-4844-AB51-7E9CD5320B8E}
	EndGlobalSection
EndGlobal
